// !$*UTF8*$!
{
	archiveVersion = 1;
	classes = {
	};
	objectVersion = 56;
	objects = {

/* Begin PBXBuildFile section */
		420EDEAB2C74B843005ACAB3 /* HelloCofeeAppApp.swift in Sources */ = {isa = PBXBuildFile; fileRef = 420EDEAA2C74B843005ACAB3 /* HelloCofeeAppApp.swift */; };
		420EDEAD2C74B843005ACAB3 /* ContentView.swift in Sources */ = {isa = PBXBuildFile; fileRef = 420EDEAC2C74B843005ACAB3 /* ContentView.swift */; };
		420EDEAF2C74B845005ACAB3 /* Assets.xcassets in Resources */ = {isa = PBXBuildFile; fileRef = 420EDEAE2C74B845005ACAB3 /* Assets.xcassets */; };
		420EDEB22C74B845005ACAB3 /* Preview Assets.xcassets in Resources */ = {isa = PBXBuildFile; fileRef = 420EDEB12C74B845005ACAB3 /* Preview Assets.xcassets */; };
		420EDEBA2C74B884005ACAB3 /* WebService.swift in Sources */ = {isa = PBXBuildFile; fileRef = 420EDEB92C74B883005ACAB3 /* WebService.swift */; };
		420EDEBD2C74B8D7005ACAB3 /* Order.swift in Sources */ = {isa = PBXBuildFile; fileRef = 420EDEBC2C74B8D7005ACAB3 /* Order.swift */; };
		420EDEBF2C74BC1B005ACAB3 /* CoffeeModel.swift in Sources */ = {isa = PBXBuildFile; fileRef = 420EDEBE2C74BC1B005ACAB3 /* CoffeeModel.swift */; };
		420EDEC22C74F3E1005ACAB3 /* NumberFormatter+Extensions.swift in Sources */ = {isa = PBXBuildFile; fileRef = 420EDEC12C74F3E1005ACAB3 /* NumberFormatter+Extensions.swift */; };
		420EDEC52C74F4E4005ACAB3 /* OrderCellView.swift in Sources */ = {isa = PBXBuildFile; fileRef = 420EDEC42C74F4E4005ACAB3 /* OrderCellView.swift */; };
		420EDEC82C74F73D005ACAB3 /* AppEnvironment.swift in Sources */ = {isa = PBXBuildFile; fileRef = 420EDEC72C74F73D005ACAB3 /* AppEnvironment.swift */; };
		420EDED02C74FDF0005ACAB3 /* HelloCofeeE2ETests.swift in Sources */ = {isa = PBXBuildFile; fileRef = 420EDECF2C74FDF0005ACAB3 /* HelloCofeeE2ETests.swift */; };
		420EDED92C750418005ACAB3 /* AddCoffeeView.swift in Sources */ = {isa = PBXBuildFile; fileRef = 420EDED82C750418005ACAB3 /* AddCoffeeView.swift */; };
		420EDEDB2C750600005ACAB3 /* View+Extensions.swift in Sources */ = {isa = PBXBuildFile; fileRef = 420EDEDA2C750600005ACAB3 /* View+Extensions.swift */; };
		420EDEDD2C750CA2005ACAB3 /* String+Extensions.swift in Sources */ = {isa = PBXBuildFile; fileRef = 420EDEDC2C750CA2005ACAB3 /* String+Extensions.swift */; };
		422882952C78B2AC00226106 /* OrderDetailView.swift in Sources */ = {isa = PBXBuildFile; fileRef = 422882942C78B2AC00226106 /* OrderDetailView.swift */; };
/* End PBXBuildFile section */

/* Begin PBXContainerItemProxy section */
		420EDED32C74FDF0005ACAB3 /* PBXContainerItemProxy */ = {
			isa = PBXContainerItemProxy;
			containerPortal = 420EDE9F2C74B843005ACAB3 /* Project object */;
			proxyType = 1;
			remoteGlobalIDString = 420EDEA62C74B843005ACAB3;
			remoteInfo = HelloCofeeApp;
		};
/* End PBXContainerItemProxy section */

/* Begin PBXFileReference section */
		420EDEA72C74B843005ACAB3 /* HelloCofeeApp.app */ = {isa = PBXFileReference; explicitFileType = wrapper.application; includeInIndex = 0; path = HelloCofeeApp.app; sourceTree = BUILT_PRODUCTS_DIR; };
		420EDEAA2C74B843005ACAB3 /* HelloCofeeAppApp.swift */ = {isa = PBXFileReference; lastKnownFileType = sourcecode.swift; path = HelloCofeeAppApp.swift; sourceTree = "<group>"; };
		420EDEAC2C74B843005ACAB3 /* ContentView.swift */ = {isa = PBXFileReference; lastKnownFileType = sourcecode.swift; path = ContentView.swift; sourceTree = "<group>"; };
		420EDEAE2C74B845005ACAB3 /* Assets.xcassets */ = {isa = PBXFileReference; lastKnownFileType = folder.assetcatalog; path = Assets.xcassets; sourceTree = "<group>"; };
		420EDEB12C74B845005ACAB3 /* Preview Assets.xcassets */ = {isa = PBXFileReference; lastKnownFileType = folder.assetcatalog; path = "Preview Assets.xcassets"; sourceTree = "<group>"; };
		420EDEB92C74B883005ACAB3 /* WebService.swift */ = {isa = PBXFileReference; lastKnownFileType = sourcecode.swift; path = WebService.swift; sourceTree = "<group>"; };
		420EDEBC2C74B8D7005ACAB3 /* Order.swift */ = {isa = PBXFileReference; lastKnownFileType = sourcecode.swift; path = Order.swift; sourceTree = "<group>"; };
		420EDEBE2C74BC1B005ACAB3 /* CoffeeModel.swift */ = {isa = PBXFileReference; lastKnownFileType = sourcecode.swift; path = CoffeeModel.swift; sourceTree = "<group>"; };
		420EDEC12C74F3E1005ACAB3 /* NumberFormatter+Extensions.swift */ = {isa = PBXFileReference; lastKnownFileType = sourcecode.swift; path = "NumberFormatter+Extensions.swift"; sourceTree = "<group>"; };
		420EDEC42C74F4E4005ACAB3 /* OrderCellView.swift */ = {isa = PBXFileReference; lastKnownFileType = sourcecode.swift; path = OrderCellView.swift; sourceTree = "<group>"; };
		420EDEC72C74F73D005ACAB3 /* AppEnvironment.swift */ = {isa = PBXFileReference; lastKnownFileType = sourcecode.swift; path = AppEnvironment.swift; sourceTree = "<group>"; };
		420EDECD2C74FDEF005ACAB3 /* HelloCofeeE2ETests.xctest */ = {isa = PBXFileReference; explicitFileType = wrapper.cfbundle; includeInIndex = 0; path = HelloCofeeE2ETests.xctest; sourceTree = BUILT_PRODUCTS_DIR; };
		420EDECF2C74FDF0005ACAB3 /* HelloCofeeE2ETests.swift */ = {isa = PBXFileReference; lastKnownFileType = sourcecode.swift; path = HelloCofeeE2ETests.swift; sourceTree = "<group>"; };
		420EDED82C750418005ACAB3 /* AddCoffeeView.swift */ = {isa = PBXFileReference; lastKnownFileType = sourcecode.swift; path = AddCoffeeView.swift; sourceTree = "<group>"; };
		420EDEDA2C750600005ACAB3 /* View+Extensions.swift */ = {isa = PBXFileReference; lastKnownFileType = sourcecode.swift; path = "View+Extensions.swift"; sourceTree = "<group>"; };
		420EDEDC2C750CA2005ACAB3 /* String+Extensions.swift */ = {isa = PBXFileReference; lastKnownFileType = sourcecode.swift; path = "String+Extensions.swift"; sourceTree = "<group>"; };
		422882942C78B2AC00226106 /* OrderDetailView.swift */ = {isa = PBXFileReference; lastKnownFileType = sourcecode.swift; path = OrderDetailView.swift; sourceTree = "<group>"; };
/* End PBXFileReference section */

/* Begin PBXFrameworksBuildPhase section */
		420EDEA42C74B843005ACAB3 /* Frameworks */ = {
			isa = PBXFrameworksBuildPhase;
			buildActionMask = 2147483647;
			files = (
			);
			runOnlyForDeploymentPostprocessing = 0;
		};
		420EDECA2C74FDEF005ACAB3 /* Frameworks */ = {
			isa = PBXFrameworksBuildPhase;
			buildActionMask = 2147483647;
			files = (
			);
			runOnlyForDeploymentPostprocessing = 0;
		};
/* End PBXFrameworksBuildPhase section */

/* Begin PBXGroup section */
		420EDE9E2C74B843005ACAB3 = {
			isa = PBXGroup;
			children = (
				420EDEA92C74B843005ACAB3 /* HelloCofeeApp */,
				420EDECE2C74FDF0005ACAB3 /* HelloCofeeE2ETests */,
				420EDEA82C74B843005ACAB3 /* Products */,
			);
			sourceTree = "<group>";
		};
		420EDEA82C74B843005ACAB3 /* Products */ = {
			isa = PBXGroup;
			children = (
				420EDEA72C74B843005ACAB3 /* HelloCofeeApp.app */,
				420EDECD2C74FDEF005ACAB3 /* HelloCofeeE2ETests.xctest */,
			);
			name = Products;
			sourceTree = "<group>";
		};
		420EDEA92C74B843005ACAB3 /* HelloCofeeApp */ = {
			isa = PBXGroup;
			children = (
				420EDEC62C74F731005ACAB3 /* Utils */,
				420EDEC32C74F4CF005ACAB3 /* Views */,
				420EDEC02C74F3C4005ACAB3 /* Extensions */,
				420EDEBB2C74B8CB005ACAB3 /* Models */,
				420EDEB82C74B872005ACAB3 /* Services */,
				420EDEAA2C74B843005ACAB3 /* HelloCofeeAppApp.swift */,
				420EDEAC2C74B843005ACAB3 /* ContentView.swift */,
				420EDEAE2C74B845005ACAB3 /* Assets.xcassets */,
				420EDEB02C74B845005ACAB3 /* Preview Content */,
			);
			path = HelloCofeeApp;
			sourceTree = "<group>";
		};
		420EDEB02C74B845005ACAB3 /* Preview Content */ = {
			isa = PBXGroup;
			children = (
				420EDEB12C74B845005ACAB3 /* Preview Assets.xcassets */,
			);
			path = "Preview Content";
			sourceTree = "<group>";
		};
		420EDEB82C74B872005ACAB3 /* Services */ = {
			isa = PBXGroup;
			children = (
				420EDEB92C74B883005ACAB3 /* WebService.swift */,
			);
			path = Services;
			sourceTree = "<group>";
		};
		420EDEBB2C74B8CB005ACAB3 /* Models */ = {
			isa = PBXGroup;
			children = (
				420EDEBC2C74B8D7005ACAB3 /* Order.swift */,
				420EDEBE2C74BC1B005ACAB3 /* CoffeeModel.swift */,
			);
			path = Models;
			sourceTree = "<group>";
		};
		420EDEC02C74F3C4005ACAB3 /* Extensions */ = {
			isa = PBXGroup;
			children = (
				420EDEC12C74F3E1005ACAB3 /* NumberFormatter+Extensions.swift */,
				420EDEDA2C750600005ACAB3 /* View+Extensions.swift */,
				420EDEDC2C750CA2005ACAB3 /* String+Extensions.swift */,
			);
			path = Extensions;
			sourceTree = "<group>";
		};
		420EDEC32C74F4CF005ACAB3 /* Views */ = {
			isa = PBXGroup;
			children = (
				420EDEC42C74F4E4005ACAB3 /* OrderCellView.swift */,
				420EDED82C750418005ACAB3 /* AddCoffeeView.swift */,
				422882942C78B2AC00226106 /* OrderDetailView.swift */,
			);
			path = Views;
			sourceTree = "<group>";
		};
		420EDEC62C74F731005ACAB3 /* Utils */ = {
			isa = PBXGroup;
			children = (
				420EDEC72C74F73D005ACAB3 /* AppEnvironment.swift */,
			);
			path = Utils;
			sourceTree = "<group>";
		};
		420EDECE2C74FDF0005ACAB3 /* HelloCofeeE2ETests */ = {
			isa = PBXGroup;
			children = (
				420EDECF2C74FDF0005ACAB3 /* HelloCofeeE2ETests.swift */,
			);
			path = HelloCofeeE2ETests;
			sourceTree = "<group>";
		};
/* End PBXGroup section */

/* Begin PBXNativeTarget section */
		420EDEA62C74B843005ACAB3 /* HelloCofeeApp */ = {
			isa = PBXNativeTarget;
			buildConfigurationList = 420EDEB52C74B845005ACAB3 /* Build configuration list for PBXNativeTarget "HelloCofeeApp" */;
			buildPhases = (
				420EDEA32C74B843005ACAB3 /* Sources */,
				420EDEA42C74B843005ACAB3 /* Frameworks */,
				420EDEA52C74B843005ACAB3 /* Resources */,
			);
			buildRules = (
			);
			dependencies = (
			);
			name = HelloCofeeApp;
			productName = HelloCofeeApp;
			productReference = 420EDEA72C74B843005ACAB3 /* HelloCofeeApp.app */;
			productType = "com.apple.product-type.application";
		};
		420EDECC2C74FDEF005ACAB3 /* HelloCofeeE2ETests */ = {
			isa = PBXNativeTarget;
			buildConfigurationList = 420EDED52C74FDF0005ACAB3 /* Build configuration list for PBXNativeTarget "HelloCofeeE2ETests" */;
			buildPhases = (
				420EDEC92C74FDEF005ACAB3 /* Sources */,
				420EDECA2C74FDEF005ACAB3 /* Frameworks */,
				420EDECB2C74FDEF005ACAB3 /* Resources */,
			);
			buildRules = (
			);
			dependencies = (
				420EDED42C74FDF0005ACAB3 /* PBXTargetDependency */,
			);
			name = HelloCofeeE2ETests;
			productName = HelloCofeeE2ETests;
			productReference = 420EDECD2C74FDEF005ACAB3 /* HelloCofeeE2ETests.xctest */;
			productType = "com.apple.product-type.bundle.ui-testing";
		};
/* End PBXNativeTarget section */

/* Begin PBXProject section */
		420EDE9F2C74B843005ACAB3 /* Project object */ = {
			isa = PBXProject;
			attributes = {
				BuildIndependentTargetsInParallel = 1;
				LastSwiftUpdateCheck = 1540;
				LastUpgradeCheck = 1540;
				TargetAttributes = {
					420EDEA62C74B843005ACAB3 = {
						CreatedOnToolsVersion = 15.4;
					};
					420EDECC2C74FDEF005ACAB3 = {
						CreatedOnToolsVersion = 15.4;
						TestTargetID = 420EDEA62C74B843005ACAB3;
					};
				};
			};
			buildConfigurationList = 420EDEA22C74B843005ACAB3 /* Build configuration list for PBXProject "HelloCofeeApp" */;
			compatibilityVersion = "Xcode 14.0";
			developmentRegion = en;
			hasScannedForEncodings = 0;
			knownRegions = (
				en,
				Base,
			);
			mainGroup = 420EDE9E2C74B843005ACAB3;
			productRefGroup = 420EDEA82C74B843005ACAB3 /* Products */;
			projectDirPath = "";
			projectRoot = "";
			targets = (
				420EDEA62C74B843005ACAB3 /* HelloCofeeApp */,
				420EDECC2C74FDEF005ACAB3 /* HelloCofeeE2ETests */,
			);
		};
/* End PBXProject section */

/* Begin PBXResourcesBuildPhase section */
		420EDEA52C74B843005ACAB3 /* Resources */ = {
			isa = PBXResourcesBuildPhase;
			buildActionMask = 2147483647;
			files = (
				420EDEB22C74B845005ACAB3 /* Preview Assets.xcassets in Resources */,
				420EDEAF2C74B845005ACAB3 /* Assets.xcassets in Resources */,
			);
			runOnlyForDeploymentPostprocessing = 0;
		};
		420EDECB2C74FDEF005ACAB3 /* Resources */ = {
			isa = PBXResourcesBuildPhase;
			buildActionMask = 2147483647;
			files = (
			);
			runOnlyForDeploymentPostprocessing = 0;
		};
/* End PBXResourcesBuildPhase section */

/* Begin PBXSourcesBuildPhase section */
		420EDEA32C74B843005ACAB3 /* Sources */ = {
			isa = PBXSourcesBuildPhase;
			buildActionMask = 2147483647;
			files = (
				420EDEBA2C74B884005ACAB3 /* WebService.swift in Sources */,
				420EDEDD2C750CA2005ACAB3 /* String+Extensions.swift in Sources */,
				422882952C78B2AC00226106 /* OrderDetailView.swift in Sources */,
				420EDEC52C74F4E4005ACAB3 /* OrderCellView.swift in Sources */,
				420EDEBF2C74BC1B005ACAB3 /* CoffeeModel.swift in Sources */,
				420EDEC22C74F3E1005ACAB3 /* NumberFormatter+Extensions.swift in Sources */,
				420EDED92C750418005ACAB3 /* AddCoffeeView.swift in Sources */,
				420EDEAD2C74B843005ACAB3 /* ContentView.swift in Sources */,
				420EDEC82C74F73D005ACAB3 /* AppEnvironment.swift in Sources */,
				420EDEBD2C74B8D7005ACAB3 /* Order.swift in Sources */,
				420EDEDB2C750600005ACAB3 /* View+Extensions.swift in Sources */,
				420EDEAB2C74B843005ACAB3 /* HelloCofeeAppApp.swift in Sources */,
			);
			runOnlyForDeploymentPostprocessing = 0;
		};
		420EDEC92C74FDEF005ACAB3 /* Sources */ = {
			isa = PBXSourcesBuildPhase;
			buildActionMask = 2147483647;
			files = (
				420EDED02C74FDF0005ACAB3 /* HelloCofeeE2ETests.swift in Sources */,
			);
			runOnlyForDeploymentPostprocessing = 0;
		};
/* End PBXSourcesBuildPhase section */

/* Begin PBXTargetDependency section */
		420EDED42C74FDF0005ACAB3 /* PBXTargetDependency */ = {
			isa = PBXTargetDependency;
			target = 420EDEA62C74B843005ACAB3 /* HelloCofeeApp */;
			targetProxy = 420EDED32C74FDF0005ACAB3 /* PBXContainerItemProxy */;
		};
/* End PBXTargetDependency section */

/* Begin XCBuildConfiguration section */
		420EDEB32C74B845005ACAB3 /* Debug */ = {
			isa = XCBuildConfiguration;
			buildSettings = {
				ALWAYS_SEARCH_USER_PATHS = NO;
				ASSETCATALOG_COMPILER_GENERATE_SWIFT_ASSET_SYMBOL_EXTENSIONS = YES;
				CLANG_ANALYZER_NONNULL = YES;
				CLANG_ANALYZER_NUMBER_OBJECT_CONVERSION = YES_AGGRESSIVE;
				CLANG_CXX_LANGUAGE_STANDARD = "gnu++20";
				CLANG_ENABLE_MODULES = YES;
				CLANG_ENABLE_OBJC_ARC = YES;
				CLANG_ENABLE_OBJC_WEAK = YES;
				CLANG_WARN_BLOCK_CAPTURE_AUTORELEASING = YES;
				CLANG_WARN_BOOL_CONVERSION = YES;
				CLANG_WARN_COMMA = YES;
				CLANG_WARN_CONSTANT_CONVERSION = YES;
				CLANG_WARN_DEPRECATED_OBJC_IMPLEMENTATIONS = YES;
				CLANG_WARN_DIRECT_OBJC_ISA_USAGE = YES_ERROR;
				CLANG_WARN_DOCUMENTATION_COMMENTS = YES;
				CLANG_WARN_EMPTY_BODY = YES;
				CLANG_WARN_ENUM_CONVERSION = YES;
				CLANG_WARN_INFINITE_RECURSION = YES;
				CLANG_WARN_INT_CONVERSION = YES;
				CLANG_WARN_NON_LITERAL_NULL_CONVERSION = YES;
				CLANG_WARN_OBJC_IMPLICIT_RETAIN_SELF = YES;
				CLANG_WARN_OBJC_LITERAL_CONVERSION = YES;
				CLANG_WARN_OBJC_ROOT_CLASS = YES_ERROR;
				CLANG_WARN_QUOTED_INCLUDE_IN_FRAMEWORK_HEADER = YES;
				CLANG_WARN_RANGE_LOOP_ANALYSIS = YES;
				CLANG_WARN_STRICT_PROTOTYPES = YES;
				CLANG_WARN_SUSPICIOUS_MOVE = YES;
				CLANG_WARN_UNGUARDED_AVAILABILITY = YES_AGGRESSIVE;
				CLANG_WARN_UNREACHABLE_CODE = YES;
				CLANG_WARN__DUPLICATE_METHOD_MATCH = YES;
				COPY_PHASE_STRIP = NO;
				DEBUG_INFORMATION_FORMAT = dwarf;
				ENABLE_STRICT_OBJC_MSGSEND = YES;
				ENABLE_TESTABILITY = YES;
				ENABLE_USER_SCRIPT_SANDBOXING = YES;
				GCC_C_LANGUAGE_STANDARD = gnu17;
				GCC_DYNAMIC_NO_PIC = NO;
				GCC_NO_COMMON_BLOCKS = YES;
				GCC_OPTIMIZATION_LEVEL = 0;
				GCC_PREPROCESSOR_DEFINITIONS = (
					"DEBUG=1",
					"$(inherited)",
				);
				GCC_WARN_64_TO_32_BIT_CONVERSION = YES;
				GCC_WARN_ABOUT_RETURN_TYPE = YES_ERROR;
				GCC_WARN_UNDECLARED_SELECTOR = YES;
				GCC_WARN_UNINITIALIZED_AUTOS = YES_AGGRESSIVE;
				GCC_WARN_UNUSED_FUNCTION = YES;
				GCC_WARN_UNUSED_VARIABLE = YES;
				IPHONEOS_DEPLOYMENT_TARGET = 17.5;
				LOCALIZATION_PREFERS_STRING_CATALOGS = YES;
				MTL_ENABLE_DEBUG_INFO = INCLUDE_SOURCE;
				MTL_FAST_MATH = YES;
				ONLY_ACTIVE_ARCH = YES;
				SDKROOT = iphoneos;
				SWIFT_ACTIVE_COMPILATION_CONDITIONS = "DEBUG $(inherited)";
				SWIFT_OPTIMIZATION_LEVEL = "-Onone";
			};
			name = Debug;
		};
		420EDEB42C74B845005ACAB3 /* Release */ = {
			isa = XCBuildConfiguration;
			buildSettings = {
				ALWAYS_SEARCH_USER_PATHS = NO;
				ASSETCATALOG_COMPILER_GENERATE_SWIFT_ASSET_SYMBOL_EXTENSIONS = YES;
				CLANG_ANALYZER_NONNULL = YES;
				CLANG_ANALYZER_NUMBER_OBJECT_CONVERSION = YES_AGGRESSIVE;
				CLANG_CXX_LANGUAGE_STANDARD = "gnu++20";
				CLANG_ENABLE_MODULES = YES;
				CLANG_ENABLE_OBJC_ARC = YES;
				CLANG_ENABLE_OBJC_WEAK = YES;
				CLANG_WARN_BLOCK_CAPTURE_AUTORELEASING = YES;
				CLANG_WARN_BOOL_CONVERSION = YES;
				CLANG_WARN_COMMA = YES;
				CLANG_WARN_CONSTANT_CONVERSION = YES;
				CLANG_WARN_DEPRECATED_OBJC_IMPLEMENTATIONS = YES;
				CLANG_WARN_DIRECT_OBJC_ISA_USAGE = YES_ERROR;
				CLANG_WARN_DOCUMENTATION_COMMENTS = YES;
				CLANG_WARN_EMPTY_BODY = YES;
				CLANG_WARN_ENUM_CONVERSION = YES;
				CLANG_WARN_INFINITE_RECURSION = YES;
				CLANG_WARN_INT_CONVERSION = YES;
				CLANG_WARN_NON_LITERAL_NULL_CONVERSION = YES;
				CLANG_WARN_OBJC_IMPLICIT_RETAIN_SELF = YES;
				CLANG_WARN_OBJC_LITERAL_CONVERSION = YES;
				CLANG_WARN_OBJC_ROOT_CLASS = YES_ERROR;
				CLANG_WARN_QUOTED_INCLUDE_IN_FRAMEWORK_HEADER = YES;
				CLANG_WARN_RANGE_LOOP_ANALYSIS = YES;
				CLANG_WARN_STRICT_PROTOTYPES = YES;
				CLANG_WARN_SUSPICIOUS_MOVE = YES;
				CLANG_WARN_UNGUARDED_AVAILABILITY = YES_AGGRESSIVE;
				CLANG_WARN_UNREACHABLE_CODE = YES;
				CLANG_WARN__DUPLICATE_METHOD_MATCH = YES;
				COPY_PHASE_STRIP = NO;
				DEBUG_INFORMATION_FORMAT = "dwarf-with-dsym";
				ENABLE_NS_ASSERTIONS = NO;
				ENABLE_STRICT_OBJC_MSGSEND = YES;
				ENABLE_USER_SCRIPT_SANDBOXING = YES;
				GCC_C_LANGUAGE_STANDARD = gnu17;
				GCC_NO_COMMON_BLOCKS = YES;
				GCC_WARN_64_TO_32_BIT_CONVERSION = YES;
				GCC_WARN_ABOUT_RETURN_TYPE = YES_ERROR;
				GCC_WARN_UNDECLARED_SELECTOR = YES;
				GCC_WARN_UNINITIALIZED_AUTOS = YES_AGGRESSIVE;
				GCC_WARN_UNUSED_FUNCTION = YES;
				GCC_WARN_UNUSED_VARIABLE = YES;
				IPHONEOS_DEPLOYMENT_TARGET = 17.5;
				LOCALIZATION_PREFERS_STRING_CATALOGS = YES;
				MTL_ENABLE_DEBUG_INFO = NO;
				MTL_FAST_MATH = YES;
				SDKROOT = iphoneos;
				SWIFT_COMPILATION_MODE = wholemodule;
				VALIDATE_PRODUCT = YES;
			};
			name = Release;
		};
		420EDEB62C74B845005ACAB3 /* Debug */ = {
			isa = XCBuildConfiguration;
			buildSettings = {
				ASSETCATALOG_COMPILER_APPICON_NAME = AppIcon;
				ASSETCATALOG_COMPILER_GLOBAL_ACCENT_COLOR_NAME = AccentColor;
				CODE_SIGN_STYLE = Automatic;
				CURRENT_PROJECT_VERSION = 1;
				DEVELOPMENT_ASSET_PATHS = "\"HelloCofeeApp/Preview Content\"";
				DEVELOPMENT_TEAM = TZLRP2ZUSX;
				ENABLE_PREVIEWS = YES;
				GENERATE_INFOPLIST_FILE = YES;
				INFOPLIST_KEY_UIApplicationSceneManifest_Generation = YES;
				INFOPLIST_KEY_UIApplicationSupportsIndirectInputEvents = YES;
				INFOPLIST_KEY_UILaunchScreen_Generation = YES;
				INFOPLIST_KEY_UISupportedInterfaceOrientations_iPad = "UIInterfaceOrientationPortrait UIInterfaceOrientationPortraitUpsideDown UIInterfaceOrientationLandscapeLeft UIInterfaceOrientationLandscapeRight";
				INFOPLIST_KEY_UISupportedInterfaceOrientations_iPhone = "UIInterfaceOrientationPortrait UIInterfaceOrientationLandscapeLeft UIInterfaceOrientationLandscapeRight";
				IPHONEOS_DEPLOYMENT_TARGET = 16.0;
				LD_RUNPATH_SEARCH_PATHS = (
					"$(inherited)",
					"@executable_path/Frameworks",
				);
				MARKETING_VERSION = 1.0;
				PRODUCT_BUNDLE_IDENTIFIER = josem.HelloCofeeApp;
				PRODUCT_NAME = "$(TARGET_NAME)";
				SWIFT_EMIT_LOC_STRINGS = YES;
				SWIFT_VERSION = 5.0;
				TARGETED_DEVICE_FAMILY = "1,2";
			};
			name = Debug;
		};
		420EDEB72C74B845005ACAB3 /* Release */ = {
			isa = XCBuildConfiguration;
			buildSettings = {
				ASSETCATALOG_COMPILER_APPICON_NAME = AppIcon;
				ASSETCATALOG_COMPILER_GLOBAL_ACCENT_COLOR_NAME = AccentColor;
				CODE_SIGN_STYLE = Automatic;
				CURRENT_PROJECT_VERSION = 1;
				DEVELOPMENT_ASSET_PATHS = "\"HelloCofeeApp/Preview Content\"";
				DEVELOPMENT_TEAM = TZLRP2ZUSX;
				ENABLE_PREVIEWS = YES;
				GENERATE_INFOPLIST_FILE = YES;
				INFOPLIST_KEY_UIApplicationSceneManifest_Generation = YES;
				INFOPLIST_KEY_UIApplicationSupportsIndirectInputEvents = YES;
				INFOPLIST_KEY_UILaunchScreen_Generation = YES;
				INFOPLIST_KEY_UISupportedInterfaceOrientations_iPad = "UIInterfaceOrientationPortrait UIInterfaceOrientationPortraitUpsideDown UIInterfaceOrientationLandscapeLeft UIInterfaceOrientationLandscapeRight";
				INFOPLIST_KEY_UISupportedInterfaceOrientations_iPhone = "UIInterfaceOrientationPortrait UIInterfaceOrientationLandscapeLeft UIInterfaceOrientationLandscapeRight";
				IPHONEOS_DEPLOYMENT_TARGET = 16.0;
				LD_RUNPATH_SEARCH_PATHS = (
					"$(inherited)",
					"@executable_path/Frameworks",
				);
				MARKETING_VERSION = 1.0;
				PRODUCT_BUNDLE_IDENTIFIER = josem.HelloCofeeApp;
				PRODUCT_NAME = "$(TARGET_NAME)";
				SWIFT_EMIT_LOC_STRINGS = YES;
				SWIFT_VERSION = 5.0;
				TARGETED_DEVICE_FAMILY = "1,2";
			};
			name = Release;
		};
		420EDED62C74FDF0005ACAB3 /* Debug */ = {
			isa = XCBuildConfiguration;
			buildSettings = {
				CODE_SIGN_STYLE = Automatic;
				CURRENT_PROJECT_VERSION = 1;
				DEVELOPMENT_TEAM = TZLRP2ZUSX;
				GENERATE_INFOPLIST_FILE = YES;
				MARKETING_VERSION = 1.0;
				PRODUCT_BUNDLE_IDENTIFIER = josem.HelloCofeeE2ETests;
				PRODUCT_NAME = "$(TARGET_NAME)";
				SWIFT_EMIT_LOC_STRINGS = NO;
				SWIFT_VERSION = 5.0;
				TARGETED_DEVICE_FAMILY = "1,2";
				TEST_TARGET_NAME = HelloCofeeApp;
			};
			name = Debug;
		};
		420EDED72C74FDF0005ACAB3 /* Release */ = {
			isa = XCBuildConfiguration;
			buildSettings = {
				CODE_SIGN_STYLE = Automatic;
				CURRENT_PROJECT_VERSION = 1;
				DEVELOPMENT_TEAM = TZLRP2ZUSX;
				GENERATE_INFOPLIST_FILE = YES;
				MARKETING_VERSION = 1.0;
				PRODUCT_BUNDLE_IDENTIFIER = josem.HelloCofeeE2ETests;
				PRODUCT_NAME = "$(TARGET_NAME)";
				SWIFT_EMIT_LOC_STRINGS = NO;
				SWIFT_VERSION = 5.0;
				TARGETED_DEVICE_FAMILY = "1,2";
				TEST_TARGET_NAME = HelloCofeeApp;
			};
			name = Release;
		};
/* End XCBuildConfiguration section */

/* Begin XCConfigurationList section */
		420EDEA22C74B843005ACAB3 /* Build configuration list for PBXProject "HelloCofeeApp" */ = {
			isa = XCConfigurationList;
			buildConfigurations = (
				420EDEB32C74B845005ACAB3 /* Debug */,
				420EDEB42C74B845005ACAB3 /* Release */,
			);
			defaultConfigurationIsVisible = 0;
			defaultConfigurationName = Release;
		};
		420EDEB52C74B845005ACAB3 /* Build configuration list for PBXNativeTarget "HelloCofeeApp" */ = {
			isa = XCConfigurationList;
			buildConfigurations = (
				420EDEB62C74B845005ACAB3 /* Debug */,
				420EDEB72C74B845005ACAB3 /* Release */,
			);
			defaultConfigurationIsVisible = 0;
			defaultConfigurationName = Release;
		};
		420EDED52C74FDF0005ACAB3 /* Build configuration list for PBXNativeTarget "HelloCofeeE2ETests" */ = {
			isa = XCConfigurationList;
			buildConfigurations = (
				420EDED62C74FDF0005ACAB3 /* Debug */,
				420EDED72C74FDF0005ACAB3 /* Release */,
			);
			defaultConfigurationIsVisible = 0;
			defaultConfigurationName = Release;
		};
/* End XCConfigurationList section */
	};
	rootObject = 420EDE9F2C74B843005ACAB3 /* Project object */;
}
